{
  "name": "kysely-d1",
  "version": "0.4.0",
  "lockfileVersion": 2,
  "requires": true,
  "packages": {
    "": {
      "name": "kysely-d1",
      "version": "0.4.0",
      "license": "MIT",
      "devDependencies": {
        "@cloudflare/workers-types": "^4.20230115.0",
        "@tsconfig/node14": "^1.0.3",
        "kysely": "^0.23.3",
        "prettier": "^2.7.1",
        "typescript": "^4.8.4"
      },
      "peerDependencies": {
        "kysely": "*"
      }
    },
    "node_modules/@cloudflare/workers-types": {
      "version": "4.20230115.0",
      "resolved": "https://registry.npmjs.org/@cloudflare/workers-types/-/workers-types-4.20230115.0.tgz",
      "integrity": "sha512-GPJEiO8AFN+jUpA+DHJ1qdVmk4s/hq8JYKjOV/+U7avGquQbVnj905+Kg6uAEfrq16muwmRKl+XJGqsvlBlDNg==",
      "dev": true
    },
    "node_modules/@tsconfig/node14": {
      "version": "1.0.3",
      "resolved": "https://registry.npmjs.org/@tsconfig/node14/-/node14-1.0.3.tgz",
      "integrity": "sha512-ysT8mhdixWK6Hw3i1V2AeRqZ5WfXg1G43mqoYlM2nc6388Fq5jcXyr5mRsqViLx/GJYdoL0bfXD8nmF+Zn/Iow==",
      "dev": true,
      "license": "MIT"
    },
    "node_modules/kysely": {
      "version": "0.23.3",
      "resolved": "https://registry.npmjs.org/kysely/-/kysely-0.23.3.tgz",
      "integrity": "sha512-spRhosWRLkI0Ox8PRBdstskdRfvoLPsJ5GEpDA/PPrX6NwuiygdsFxHBrMkdU3CX+VxLhj4Wn5P7rFAwaf7JuA==",
      "dev": true,
      "engines": {
        "node": ">=14.0.0"
      }
    },
    "node_modules/prettier": {
      "version": "2.7.1",
      "resolved": "https://registry.npmjs.org/prettier/-/prettier-2.7.1.tgz",
      "integrity": "sha512-ujppO+MkdPqoVINuDFDRLClm7D78qbDt0/NR+wp5FqEZOoTNAjPHWj17QRhu7geIHJfcNhRk1XVQmF8Bp3ye+g==",
      "dev": true,
      "bin": {
        "prettier": "bin-prettier.js"
      },
      "engines": {
        "node": ">=10.13.0"
      },
      "funding": {
        "url": "https://github.com/prettier/prettier?sponsor=1"
      }
    },
    "node_modules/typescript": {
      "version": "4.8.4",
      "resolved": "https://registry.npmjs.org/typescript/-/typescript-4.8.4.tgz",
      "integrity": "sha512-QCh+85mCy+h0IGff8r5XWzOVSbBO+KfeYrMQh7NJ58QujwcE22u+NUSmUxqF+un70P9GXKxa2HCNiTTMJknyjQ==",
      "dev": true,
      "license": "Apache-2.0",
      "bin": {
        "tsc": "bin/tsc",
        "tsserver": "bin/tsserver"
      },
      "engines": {
        "node": ">=4.2.0"
      }
    }
  },
  "dependencies": {
    "@cloudflare/workers-types": {
      "version": "4.20230115.0",
      "resolved": "https://registry.npmjs.org/@cloudflare/workers-types/-/workers-types-4.20230115.0.tgz",
      "integrity": "sha512-GPJEiO8AFN+jUpA+DHJ1qdVmk4s/hq8JYKjOV/+U7avGquQbVnj905+Kg6uAEfrq16muwmRKl+XJGqsvlBlDNg==",
      "dev": true
    },
    "@tsconfig/node14": {
      "version": "1.0.3",
      "resolved": "https://registry.npmjs.org/@tsconfig/node14/-/node14-1.0.3.tgz",
      "integrity": "sha512-ysT8mhdixWK6Hw3i1V2AeRqZ5WfXg1G43mqoYlM2nc6388Fq5jcXyr5mRsqViLx/GJYdoL0bfXD8nmF+Zn/Iow==",
      "dev": true
    },
    "kysely": {
      "version": "0.23.3",
      "resolved": "https://registry.npmjs.org/kysely/-/kysely-0.23.3.tgz",
      "integrity": "sha512-spRhosWRLkI0Ox8PRBdstskdRfvoLPsJ5GEpDA/PPrX6NwuiygdsFxHBrMkdU3CX+VxLhj4Wn5P7rFAwaf7JuA==",
      "dev": true
    },
    "prettier": {
      "version": "2.7.1",
      "resolved": "https://registry.npmjs.org/prettier/-/prettier-2.7.1.tgz",
      "integrity": "sha512-ujppO+MkdPqoVINuDFDRLClm7D78qbDt0/NR+wp5FqEZOoTNAjPHWj17QRhu7geIHJfcNhRk1XVQmF8Bp3ye+g==",
      "dev": true
    },
    "typescript": {
      "version": "4.8.4",
      "resolved": "https://registry.npmjs.org/typescript/-/typescript-4.8.4.tgz",
      "integrity": "sha512-QCh+85mCy+h0IGff8r5XWzOVSbBO+KfeYrMQh7NJ58QujwcE22u+NUSmUxqF+un70P9GXKxa2HCNiTTMJknyjQ==",
      "dev": true
    }
  }
}
